
Microsoft Visual Studio Solution File, Format Version 12.00
# Visual Studio Version 16
VisualStudioVersion = 16.0.810.16
MinimumVisualStudioVersion = 10.0.40219.1
Project("{FAE04EC0-301F-11D3-BF4B-00C04F79EFBC}") = "Prueba", "Prueba\Prueba.csproj", "{B158CF29-3CF0-46C5-BAEC-DB82884032A9}"
EndProject
Global
	GlobalSection(SolutionConfigurationPlatforms) = preSolution
		Debug|anycpu = Debug|anycpu
		Release|anycpu = Release|anycpu
	EndGlobalSection
	GlobalSection(ProjectConfigurationPlatforms) = postSolution
		{B158CF29-3CF0-46C5-BAEC-DB82884032A9}.Debug|anycpu.ActiveCfg = Debug|anycpu
		{B158CF29-3CF0-46C5-BAEC-DB82884032A9}.Debug|anycpu.Build.0 = Debug|anycpu
		{B158CF29-3CF0-46C5-BAEC-DB82884032A9}.Release|anycpu.ActiveCfg = Release|anycpu
		{B158CF29-3CF0-46C5-BAEC-DB82884032A9}.Release|anycpu.Build.0 = Release|anycpu
	EndGlobalSection
	GlobalSection(SolutionProperties) = preSolution
		HideSolutionNode = FALSE
	EndGlobalSection
	GlobalSection(ExtensibilityGlobals) = postSolution
		SolutionGuid = {9C5BDDCA-6B6C-4800-A089-700E4CC0037B}
	EndGlobalSection
EndGlobal
